{
  "nodes": {
    "root": {
      "inputs": {
        "src": "src"
      }
    },
    "src": {
      "locked": {
        "lastModified": 1,
        "narHash": "sha256-q2mgMIPLqHSx0pSEJ42rrZpYxcjkgL1U1UvCTHTw+Oo=",
        "ref": "master",
        "rev": "e374a4ebd0dbf7b23e077a94fd5cefb7a9d65ffa",
        "revCount": 1,
        "type": "git",
        "url": "file:///workspace/build/buildkite"
      },
      "original": {
        "type": "git",
        "url": "file:///workspace/build/buildkite"
      }
    }
  },
  "root": "root",
  "version": 7
}
